
Microsoft Visual Studio Solution File, Format Version 12.00
# Visual Studio 15
VisualStudioVersion = 15.0.28307.1209
MinimumVisualStudioVersion = 10.0.40219.1
Project("{FAE04EC0-301F-11D3-BF4B-00C04F79EFBC}") = "CensusAnalyserProblemStatement", "CensusAnalyserProblemStatement\CensusAnalyserProblemStatement.csproj", "{3DE4786D-E0B3-44A8-BE88-0DB1498D2492}"
EndProject
Project("{FAE04EC0-301F-11D3-BF4B-00C04F79EFBC}") = "CesusAnalyserTest", "CesusAnalyserTest\CesusAnalyserTest.csproj", "{39AAF20E-38CD-48FF-BC98-D805E13DB915}"
EndProject
Global
	GlobalSection(SolutionConfigurationPlatforms) = preSolution
		Debug|Any CPU = Debug|Any CPU
		Release|Any CPU = Release|Any CPU
	EndGlobalSection
	GlobalSection(ProjectConfigurationPlatforms) = postSolution
		{3DE4786D-E0B3-44A8-BE88-0DB1498D2492}.Debug|Any CPU.ActiveCfg = Debug|Any CPU
		{3DE4786D-E0B3-44A8-BE88-0DB1498D2492}.Debug|Any CPU.Build.0 = Debug|Any CPU
		{3DE4786D-E0B3-44A8-BE88-0DB1498D2492}.Release|Any CPU.ActiveCfg = Release|Any CPU
		{3DE4786D-E0B3-44A8-BE88-0DB1498D2492}.Release|Any CPU.Build.0 = Release|Any CPU
		{39AAF20E-38CD-48FF-BC98-D805E13DB915}.Debug|Any CPU.ActiveCfg = Debug|Any CPU
		{39AAF20E-38CD-48FF-BC98-D805E13DB915}.Debug|Any CPU.Build.0 = Debug|Any CPU
		{39AAF20E-38CD-48FF-BC98-D805E13DB915}.Release|Any CPU.ActiveCfg = Release|Any CPU
		{39AAF20E-38CD-48FF-BC98-D805E13DB915}.Release|Any CPU.Build.0 = Release|Any CPU
	EndGlobalSection
	GlobalSection(SolutionProperties) = preSolution
		HideSolutionNode = FALSE
	EndGlobalSection
	GlobalSection(ExtensibilityGlobals) = postSolution
		SolutionGuid = {496FEABA-8519-4C9A-A9A1-DBFDEF6496F2}
	EndGlobalSection
EndGlobal
